github.com/matnich89/national-rail-client v0.0.0-20240629185102-89626f75549b h1:2n+lx7hi+0Sf3CbPm6mhEGu5DVNcl7smqScApxadk/c=
github.com/matnich89/national-rail-client v0.0.0-20240629185102-89626f75549b/go.mod h1:IWliZUovm8MwDfrA25JRUsKcAPhPqk4HaK3Zj0lD+V4=
github.com/matnich89/national-rail-client v0.0.0-20240630122905-6e7f7e206a7c h1:ky1Cbyigw0oObBH3dO94zzfeTyuboHVniOxToGJIbs4=
github.com/matnich89/national-rail-client v0.0.0-20240630122905-6e7f7e206a7c/go.mod h1:IWliZUovm8MwDfrA25JRUsKcAPhPqk4HaK3Zj0lD+V4=
github.com/matnich89/national-rail-client v0.0.0-20240630160652-5374f9ca3d72 h1:J+zrmLKKmgejEfnDUwb/1DweQYII2yUuc2RJlJDh5G0=
github.com/matnich89/national-rail-client v0.0.0-20240630160652-5374f9ca3d72/go.mod h1:IWliZUovm8MwDfrA25JRUsKcAPhPqk4HaK3Zj0lD+V4=
github.com/matnich89/national-rail-client v0.0.0-20240630161744-c2bbd55f75d9 h1:VWBrVj3DXBJ8O/meOYGf7zksi3aI7xTGZLp5l31ezcQ=
github.com/matnich89/national-rail-client v0.0.0-20240630161744-c2bbd55f75d9/go.mod h1:IWliZUovm8MwDfrA25JRUsKcAPhPqk4HaK3Zj0lD+V4=
github.com/matnich89/national-rail-client v0.0.0-20240630162424-0e3c99840029 h1:EyEuvQ+GDhAyp3Q8brXWwBMXLkY65nReWhnJUNI0SPo=
github.com/matnich89/national-rail-client v0.0.0-20240630162424-0e3c99840029/go.mod h1:IWliZUovm8MwDfrA25JRUsKcAPhPqk4HaK3Zj0lD+V4=
